
Microsoft Visual Studio Solution File, Format Version 12.00
# Visual Studio Version 17
VisualStudioVersion = 17.10.34928.147
MinimumVisualStudioVersion = 10.0.40219.1
Project("{FAE04EC0-301F-11D3-BF4B-00C04F79EFBC}") = "ProiectNatura", "ProiectNatura\ProiectNatura.csproj", "{AE7FCFE5-14B8-4FA5-90E6-2FDF0BED7A7D}"
EndProject
Global
	GlobalSection(SolutionConfigurationPlatforms) = preSolution
		Debug|Any CPU = Debug|Any CPU
		Release|Any CPU = Release|Any CPU
	EndGlobalSection
	GlobalSection(ProjectConfigurationPlatforms) = postSolution
		{AE7FCFE5-14B8-4FA5-90E6-2FDF0BED7A7D}.Debug|Any CPU.ActiveCfg = Debug|Any CPU
		{AE7FCFE5-14B8-4FA5-90E6-2FDF0BED7A7D}.Debug|Any CPU.Build.0 = Debug|Any CPU
		{AE7FCFE5-14B8-4FA5-90E6-2FDF0BED7A7D}.Release|Any CPU.ActiveCfg = Release|Any CPU
		{AE7FCFE5-14B8-4FA5-90E6-2FDF0BED7A7D}.Release|Any CPU.Build.0 = Release|Any CPU
	EndGlobalSection
	GlobalSection(SolutionProperties) = preSolution
		HideSolutionNode = FALSE
	EndGlobalSection
	GlobalSection(ExtensibilityGlobals) = postSolution
		SolutionGuid = {7FC52FAA-D7EB-4AF7-90C4-9936E2503B81}
	EndGlobalSection
EndGlobal
